
Microsoft Visual Studio Solution File, Format Version 12.00
# Visual Studio Version 16
VisualStudioVersion = 16.0.31515.178
MinimumVisualStudioVersion = 10.0.40219.1
Project("{FAE04EC0-301F-11D3-BF4B-00C04F79EFBC}") = "Simplified_driver test_task", "Simplified_driver test_task\Simplified_driver test_task.csproj", "{78275E0B-F33C-4C22-9895-A5D6597862D3}"
EndProject
Global
	GlobalSection(SolutionConfigurationPlatforms) = preSolution
		Debug|Any CPU = Debug|Any CPU
		Release|Any CPU = Release|Any CPU
	EndGlobalSection
	GlobalSection(ProjectConfigurationPlatforms) = postSolution
		{78275E0B-F33C-4C22-9895-A5D6597862D3}.Debug|Any CPU.ActiveCfg = Debug|Any CPU
		{78275E0B-F33C-4C22-9895-A5D6597862D3}.Debug|Any CPU.Build.0 = Debug|Any CPU
		{78275E0B-F33C-4C22-9895-A5D6597862D3}.Release|Any CPU.ActiveCfg = Release|Any CPU
		{78275E0B-F33C-4C22-9895-A5D6597862D3}.Release|Any CPU.Build.0 = Release|Any CPU
	EndGlobalSection
	GlobalSection(SolutionProperties) = preSolution
		HideSolutionNode = FALSE
	EndGlobalSection
	GlobalSection(ExtensibilityGlobals) = postSolution
		SolutionGuid = {649E9E3B-3D9F-4BCA-8796-7CB842203A68}
	EndGlobalSection
EndGlobal
